{
  "name": "questionservice",
  "lockfileVersion": 3,
  "requires": true,
  "packages": {
    "": {
      "dependencies": {
        "wikibase-sdk": "^8.1.1"
      }
    },
    "node_modules/wikibase-sdk": {
      "version": "8.1.1",
      "resolved": "https://registry.npmjs.org/wikibase-sdk/-/wikibase-sdk-8.1.1.tgz",
      "integrity": "sha512-1NjMnfNQ4OaLh0dFAeTMvV3vGAq6HXsNKGfYUJYOVyBPGBDMunlY3QZ8+72hLV5FiKmc6Bzg1xbI0jCHfHmIew==",
      "engines": {
        "node": ">= 10.0.0"
      }
    }
  }
}
